<?xml version="1.0" encoding="UTF-8" standalone="yes" ?>
<CodeBlocks_project_file>
	<FileVersion major="1" minor="6" />
	<Project>
		<Option title="speedTree_maya_procedural" />
		<Option pch_mode="2" />
		<Option compiler="gcc" />
		<Build>
			<Target title="Debug">
				<Option output="/mnt/work/home/xiangquan/Lib/Arnold_Custom_Shader/procedural/ST_DSO" prefix_auto="0" extension_auto="1" />
				<Option working_dir="/mnt/work/home/xiangquan/Lib/Arnold_Custom_Shader/procedural" />
				<Option object_output="obj/Debug/" />
				<Option type="3" />
				<Option compiler="gcc" />
				<Option createDefFile="1" />
				<Compiler>
					<Add option="-std=c++11" />
					<Add option="-m64" />
					<Add option="-g" />
					<Add option="-c -fmessage-length=0 -v -fPIC" />
					<Add directory="/usr/include" />
					<Add directory="/usr/local/include" />
					<Add directory="/mnt/work/home/xiangquan/Lib/glm" />
					<Add directory="/mnt/work/software/arnold/arnold-5.0.2.1/include" />
					<Add directory="/mnt/work/home/xiangquan/Source/speedtreeSDK-v7.0/Include" />
					<Add directory="../speedTree_maya_procedural" />
					<Add directory="/mnt/work/home/xiangquan/codeblocks/speedTree/LCA_SpeedTree_SDK7_LIB" />
				</Compiler>
				<Linker>
					<Add option="-m64" />
					<Add library="ai" />
					<Add library="SpeedTreeCore_fPIC" />
					<Add library="SpeedtreeReader" />
					<Add directory="/mnt/work/software/arnold/arnold-5.0.2.1/bin" />
					<Add directory="/mnt/work/home/xiangquan/Lib/SpeedTreeLib/lib" />
				</Linker>
			</Target>
			<Target title="Release">
				<Option output="/mnt/work/home/xiangquan/Lib/Arnold_Custom_Shader/procedural/ST_DSO" prefix_auto="0" extension_auto="1" />
				<Option working_dir="/mnt/work/home/xiangquan/Lib/Arnold_Custom_Shader/procedural" />
				<Option object_output="obj/Release/" />
				<Option type="3" />
				<Option compiler="gcc" />
				<Option createDefFile="1" />
				<Compiler>
					<Add option="-O2" />
					<Add option="-Wall" />
					<Add option="-std=c++0x" />
					<Add option="-m64" />
					<Add option="-c -fmessage-length=0 -Wunused-variable -v -fPIC" />
				</Compiler>
				<Linker>
					<Add option="-s" />
					<Add option="-m64" />
				</Linker>
			</Target>
		</Build>
		<Unit filename="source/ST_DSO.cpp" />
		<Extensions>
			<code_completion />
			<debugger />
		</Extensions>
	</Project>
</CodeBlocks_project_file>
